
Microsoft Visual Studio Solution File, Format Version 12.00
# Visual Studio Version 17
VisualStudioVersion = 17.5.002.0
MinimumVisualStudioVersion = 10.0.40219.1
Project("{9A19103F-16F7-4668-BE54-9A1E7A4F7556}") = "HW6", "HW6.csproj", "{3B42A82D-415C-47EF-9F22-D15B8ED77A87}"
EndProject
Global
	GlobalSection(SolutionConfigurationPlatforms) = preSolution
		Debug|Any CPU = Debug|Any CPU
		Release|Any CPU = Release|Any CPU
	EndGlobalSection
	GlobalSection(ProjectConfigurationPlatforms) = postSolution
		{3B42A82D-415C-47EF-9F22-D15B8ED77A87}.Debug|Any CPU.ActiveCfg = Debug|Any CPU
		{3B42A82D-415C-47EF-9F22-D15B8ED77A87}.Debug|Any CPU.Build.0 = Debug|Any CPU
		{3B42A82D-415C-47EF-9F22-D15B8ED77A87}.Release|Any CPU.ActiveCfg = Release|Any CPU
		{3B42A82D-415C-47EF-9F22-D15B8ED77A87}.Release|Any CPU.Build.0 = Release|Any CPU
	EndGlobalSection
	GlobalSection(SolutionProperties) = preSolution
		HideSolutionNode = FALSE
	EndGlobalSection
	GlobalSection(ExtensibilityGlobals) = postSolution
		SolutionGuid = {752B78EB-30E7-45C7-A8F1-37E06A575385}
	EndGlobalSection
EndGlobal
